{
  "name": "terraform-aws-slack-notifier",
  "version": "3.0.2",
  "lockfileVersion": 1,
  "requires": true,
  "dependencies": {
    "aws-to-slack": {
      "version": "git+https://github.com/arabold/aws-to-slack.git#f3fa9af00491805ccaff7291ac4dc8deac5fb330",
      "from": "git+https://github.com/arabold/aws-to-slack.git#semver:1.2.2",
      "requires": {
        "lodash": "^4.17.14"
      }
    },
    "lodash": {
      "version": "4.17.14",
      "resolved": "https://registry.npmjs.org/lodash/-/lodash-4.17.14.tgz",
      "integrity": "sha512-mmKYbW3GLuJeX+iGP+Y7Gp1AiGHGbXHCOh/jZmrawMmsE7MS4znI3RL2FsjbqOyMayHInjOeykW7PEajUk1/xw=="
    }
  }
}
