{
  "name": "terraform-aws-slack-notifier",
  "version": "2.0.0",
  "lockfileVersion": 1,
  "requires": true,
  "dependencies": {
    "aws-to-slack": {
      "version": "git+https://github.com/arabold/aws-to-slack.git#b5d5f5601a8a59cc2f94fda31ef56e15b5cb5f66",
      "from": "git+https://github.com/arabold/aws-to-slack.git#semver:1.2.1",
      "requires": {
        "lodash": "^4.17.11"
      }
    },
    "lodash": {
      "version": "4.17.14",
      "resolved": "https://registry.npmjs.org/lodash/-/lodash-4.17.14.tgz",
      "integrity": "sha512-mmKYbW3GLuJeX+iGP+Y7Gp1AiGHGbXHCOh/jZmrawMmsE7MS4znI3RL2FsjbqOyMayHInjOeykW7PEajUk1/xw=="
    }
  }
}
